// !$*UTF8*$!
{
	archiveVersion = 1;
	classes = {
	};
	objectVersion = 56;
	objects = {

/* Begin PBXBuildFile section */
		DB8CDAA32BA6B55B00F7AF02 /* AppDelegate.swift in Sources */ = {isa = PBXBuildFile; fileRef = DB8CDAA22BA6B55B00F7AF02 /* AppDelegate.swift */; };
		DB8CDAA52BA6B55B00F7AF02 /* SceneDelegate.swift in Sources */ = {isa = PBXBuildFile; fileRef = DB8CDAA42BA6B55B00F7AF02 /* SceneDelegate.swift */; };
		DB8CDAA72BA6B55B00F7AF02 /* ViewController.swift in Sources */ = {isa = PBXBuildFile; fileRef = DB8CDAA62BA6B55B00F7AF02 /* ViewController.swift */; };
		DB8CDAAA2BA6B55B00F7AF02 /* Main.storyboard in Resources */ = {isa = PBXBuildFile; fileRef = DB8CDAA82BA6B55B00F7AF02 /* Main.storyboard */; };
		DB8CDAAC2BA6B55D00F7AF02 /* Assets.xcassets in Resources */ = {isa = PBXBuildFile; fileRef = DB8CDAAB2BA6B55D00F7AF02 /* Assets.xcassets */; };
		DB8CDAAF2BA6B55D00F7AF02 /* LaunchScreen.storyboard in Resources */ = {isa = PBXBuildFile; fileRef = DB8CDAAD2BA6B55D00F7AF02 /* LaunchScreen.storyboard */; };
		DB8CDABA2BA6B55D00F7AF02 /* _st_hw_KimMinHyeokTests.swift in Sources */ = {isa = PBXBuildFile; fileRef = DB8CDAB92BA6B55D00F7AF02 /* _st_hw_KimMinHyeokTests.swift */; };
		DB8CDAC42BA6B55D00F7AF02 /* _st_hw_KimMinHyeokUITests.swift in Sources */ = {isa = PBXBuildFile; fileRef = DB8CDAC32BA6B55D00F7AF02 /* _st_hw_KimMinHyeokUITests.swift */; };
		DB8CDAC62BA6B55D00F7AF02 /* _st_hw_KimMinHyeokUITestsLaunchTests.swift in Sources */ = {isa = PBXBuildFile; fileRef = DB8CDAC52BA6B55D00F7AF02 /* _st_hw_KimMinHyeokUITestsLaunchTests.swift */; };
/* End PBXBuildFile section */

/* Begin PBXContainerItemProxy section */
		DB8CDAB62BA6B55D00F7AF02 /* PBXContainerItemProxy */ = {
			isa = PBXContainerItemProxy;
			containerPortal = DB8CDA972BA6B55B00F7AF02 /* Project object */;
			proxyType = 1;
			remoteGlobalIDString = DB8CDA9E2BA6B55B00F7AF02;
			remoteInfo = 1st_hw_KimMinHyeok;
		};
		DB8CDAC02BA6B55D00F7AF02 /* PBXContainerItemProxy */ = {
			isa = PBXContainerItemProxy;
			containerPortal = DB8CDA972BA6B55B00F7AF02 /* Project object */;
			proxyType = 1;
			remoteGlobalIDString = DB8CDA9E2BA6B55B00F7AF02;
			remoteInfo = 1st_hw_KimMinHyeok;
		};
/* End PBXContainerItemProxy section */

/* Begin PBXFileReference section */
		DB8CDA9F2BA6B55B00F7AF02 /* 1st_hw_KimMinHyeok.app */ = {isa = PBXFileReference; explicitFileType = wrapper.application; includeInIndex = 0; path = 1st_hw_KimMinHyeok.app; sourceTree = BUILT_PRODUCTS_DIR; };
		DB8CDAA22BA6B55B00F7AF02 /* AppDelegate.swift */ = {isa = PBXFileReference; lastKnownFileType = sourcecode.swift; path = AppDelegate.swift; sourceTree = "<group>"; };
		DB8CDAA42BA6B55B00F7AF02 /* SceneDelegate.swift */ = {isa = PBXFileReference; lastKnownFileType = sourcecode.swift; path = SceneDelegate.swift; sourceTree = "<group>"; };
		DB8CDAA62BA6B55B00F7AF02 /* ViewController.swift */ = {isa = PBXFileReference; lastKnownFileType = sourcecode.swift; path = ViewController.swift; sourceTree = "<group>"; };
		DB8CDAA92BA6B55B00F7AF02 /* Base */ = {isa = PBXFileReference; lastKnownFileType = file.storyboard; name = Base; path = Base.lproj/Main.storyboard; sourceTree = "<group>"; };
		DB8CDAAB2BA6B55D00F7AF02 /* Assets.xcassets */ = {isa = PBXFileReference; lastKnownFileType = folder.assetcatalog; path = Assets.xcassets; sourceTree = "<group>"; };
		DB8CDAAE2BA6B55D00F7AF02 /* Base */ = {isa = PBXFileReference; lastKnownFileType = file.storyboard; name = Base; path = Base.lproj/LaunchScreen.storyboard; sourceTree = "<group>"; };
		DB8CDAB02BA6B55D00F7AF02 /* Info.plist */ = {isa = PBXFileReference; lastKnownFileType = text.plist.xml; path = Info.plist; sourceTree = "<group>"; };
		DB8CDAB52BA6B55D00F7AF02 /* 1st_hw_KimMinHyeokTests.xctest */ = {isa = PBXFileReference; explicitFileType = wrapper.cfbundle; includeInIndex = 0; path = 1st_hw_KimMinHyeokTests.xctest; sourceTree = BUILT_PRODUCTS_DIR; };
		DB8CDAB92BA6B55D00F7AF02 /* _st_hw_KimMinHyeokTests.swift */ = {isa = PBXFileReference; lastKnownFileType = sourcecode.swift; path = _st_hw_KimMinHyeokTests.swift; sourceTree = "<group>"; };
		DB8CDABF2BA6B55D00F7AF02 /* 1st_hw_KimMinHyeokUITests.xctest */ = {isa = PBXFileReference; explicitFileType = wrapper.cfbundle; includeInIndex = 0; path = 1st_hw_KimMinHyeokUITests.xctest; sourceTree = BUILT_PRODUCTS_DIR; };
		DB8CDAC32BA6B55D00F7AF02 /* _st_hw_KimMinHyeokUITests.swift */ = {isa = PBXFileReference; lastKnownFileType = sourcecode.swift; path = _st_hw_KimMinHyeokUITests.swift; sourceTree = "<group>"; };
		DB8CDAC52BA6B55D00F7AF02 /* _st_hw_KimMinHyeokUITestsLaunchTests.swift */ = {isa = PBXFileReference; lastKnownFileType = sourcecode.swift; path = _st_hw_KimMinHyeokUITestsLaunchTests.swift; sourceTree = "<group>"; };
/* End PBXFileReference section */

/* Begin PBXFrameworksBuildPhase section */
		DB8CDA9C2BA6B55B00F7AF02 /* Frameworks */ = {
			isa = PBXFrameworksBuildPhase;
			buildActionMask = 2147483647;
			files = (
			);
			runOnlyForDeploymentPostprocessing = 0;
		};
		DB8CDAB22BA6B55D00F7AF02 /* Frameworks */ = {
			isa = PBXFrameworksBuildPhase;
			buildActionMask = 2147483647;
			files = (
			);
			runOnlyForDeploymentPostprocessing = 0;
		};
		DB8CDABC2BA6B55D00F7AF02 /* Frameworks */ = {
			isa = PBXFrameworksBuildPhase;
			buildActionMask = 2147483647;
			files = (
			);
			runOnlyForDeploymentPostprocessing = 0;
		};
/* End PBXFrameworksBuildPhase section */

/* Begin PBXGroup section */
		DB8CDA962BA6B55B00F7AF02 = {
			isa = PBXGroup;
			children = (
				DB8CDAA12BA6B55B00F7AF02 /* 1st_hw_KimMinHyeok */,
				DB8CDAB82BA6B55D00F7AF02 /* 1st_hw_KimMinHyeokTests */,
				DB8CDAC22BA6B55D00F7AF02 /* 1st_hw_KimMinHyeokUITests */,
				DB8CDAA02BA6B55B00F7AF02 /* Products */,
			);
			sourceTree = "<group>";
		};
		DB8CDAA02BA6B55B00F7AF02 /* Products */ = {
			isa = PBXGroup;
			children = (
				DB8CDA9F2BA6B55B00F7AF02 /* 1st_hw_KimMinHyeok.app */,
				DB8CDAB52BA6B55D00F7AF02 /* 1st_hw_KimMinHyeokTests.xctest */,
				DB8CDABF2BA6B55D00F7AF02 /* 1st_hw_KimMinHyeokUITests.xctest */,
			);
			name = Products;
			sourceTree = "<group>";
		};
		DB8CDAA12BA6B55B00F7AF02 /* 1st_hw_KimMinHyeok */ = {
			isa = PBXGroup;
			children = (
				DB8CDAA22BA6B55B00F7AF02 /* AppDelegate.swift */,
				DB8CDAA42BA6B55B00F7AF02 /* SceneDelegate.swift */,
				DB8CDAA62BA6B55B00F7AF02 /* ViewController.swift */,
				DB8CDAA82BA6B55B00F7AF02 /* Main.storyboard */,
				DB8CDAAB2BA6B55D00F7AF02 /* Assets.xcassets */,
				DB8CDAAD2BA6B55D00F7AF02 /* LaunchScreen.storyboard */,
				DB8CDAB02BA6B55D00F7AF02 /* Info.plist */,
			);
			path = 1st_hw_KimMinHyeok;
			sourceTree = "<group>";
		};
		DB8CDAB82BA6B55D00F7AF02 /* 1st_hw_KimMinHyeokTests */ = {
			isa = PBXGroup;
			children = (
				DB8CDAB92BA6B55D00F7AF02 /* _st_hw_KimMinHyeokTests.swift */,
			);
			path = 1st_hw_KimMinHyeokTests;
			sourceTree = "<group>";
		};
		DB8CDAC22BA6B55D00F7AF02 /* 1st_hw_KimMinHyeokUITests */ = {
			isa = PBXGroup;
			children = (
				DB8CDAC32BA6B55D00F7AF02 /* _st_hw_KimMinHyeokUITests.swift */,
				DB8CDAC52BA6B55D00F7AF02 /* _st_hw_KimMinHyeokUITestsLaunchTests.swift */,
			);
			path = 1st_hw_KimMinHyeokUITests;
			sourceTree = "<group>";
		};
/* End PBXGroup section */

/* Begin PBXNativeTarget section */
		DB8CDA9E2BA6B55B00F7AF02 /* 1st_hw_KimMinHyeok */ = {
			isa = PBXNativeTarget;
			buildConfigurationList = DB8CDAC92BA6B55D00F7AF02 /* Build configuration list for PBXNativeTarget "1st_hw_KimMinHyeok" */;
			buildPhases = (
				DB8CDA9B2BA6B55B00F7AF02 /* Sources */,
				DB8CDA9C2BA6B55B00F7AF02 /* Frameworks */,
				DB8CDA9D2BA6B55B00F7AF02 /* Resources */,
			);
			buildRules = (
			);
			dependencies = (
			);
			name = 1st_hw_KimMinHyeok;
			productName = 1st_hw_KimMinHyeok;
			productReference = DB8CDA9F2BA6B55B00F7AF02 /* 1st_hw_KimMinHyeok.app */;
			productType = "com.apple.product-type.application";
		};
		DB8CDAB42BA6B55D00F7AF02 /* 1st_hw_KimMinHyeokTests */ = {
			isa = PBXNativeTarget;
			buildConfigurationList = DB8CDACC2BA6B55D00F7AF02 /* Build configuration list for PBXNativeTarget "1st_hw_KimMinHyeokTests" */;
			buildPhases = (
				DB8CDAB12BA6B55D00F7AF02 /* Sources */,
				DB8CDAB22BA6B55D00F7AF02 /* Frameworks */,
				DB8CDAB32BA6B55D00F7AF02 /* Resources */,
			);
			buildRules = (
			);
			dependencies = (
				DB8CDAB72BA6B55D00F7AF02 /* PBXTargetDependency */,
			);
			name = 1st_hw_KimMinHyeokTests;
			productName = 1st_hw_KimMinHyeokTests;
			productReference = DB8CDAB52BA6B55D00F7AF02 /* 1st_hw_KimMinHyeokTests.xctest */;
			productType = "com.apple.product-type.bundle.unit-test";
		};
		DB8CDABE2BA6B55D00F7AF02 /* 1st_hw_KimMinHyeokUITests */ = {
			isa = PBXNativeTarget;
			buildConfigurationList = DB8CDACF2BA6B55D00F7AF02 /* Build configuration list for PBXNativeTarget "1st_hw_KimMinHyeokUITests" */;
			buildPhases = (
				DB8CDABB2BA6B55D00F7AF02 /* Sources */,
				DB8CDABC2BA6B55D00F7AF02 /* Frameworks */,
				DB8CDABD2BA6B55D00F7AF02 /* Resources */,
			);
			buildRules = (
			);
			dependencies = (
				DB8CDAC12BA6B55D00F7AF02 /* PBXTargetDependency */,
			);
			name = 1st_hw_KimMinHyeokUITests;
			productName = 1st_hw_KimMinHyeokUITests;
			productReference = DB8CDABF2BA6B55D00F7AF02 /* 1st_hw_KimMinHyeokUITests.xctest */;
			productType = "com.apple.product-type.bundle.ui-testing";
		};
/* End PBXNativeTarget section */

/* Begin PBXProject section */
		DB8CDA972BA6B55B00F7AF02 /* Project object */ = {
			isa = PBXProject;
			attributes = {
				BuildIndependentTargetsInParallel = 1;
				LastSwiftUpdateCheck = 1520;
				LastUpgradeCheck = 1520;
				TargetAttributes = {
					DB8CDA9E2BA6B55B00F7AF02 = {
						CreatedOnToolsVersion = 15.2;
					};
					DB8CDAB42BA6B55D00F7AF02 = {
						CreatedOnToolsVersion = 15.2;
						TestTargetID = DB8CDA9E2BA6B55B00F7AF02;
					};
					DB8CDABE2BA6B55D00F7AF02 = {
						CreatedOnToolsVersion = 15.2;
						TestTargetID = DB8CDA9E2BA6B55B00F7AF02;
					};
				};
			};
			buildConfigurationList = DB8CDA9A2BA6B55B00F7AF02 /* Build configuration list for PBXProject "1st_hw_KimMinHyeok" */;
			compatibilityVersion = "Xcode 14.0";
			developmentRegion = en;
			hasScannedForEncodings = 0;
			knownRegions = (
				en,
				Base,
			);
			mainGroup = DB8CDA962BA6B55B00F7AF02;
			productRefGroup = DB8CDAA02BA6B55B00F7AF02 /* Products */;
			projectDirPath = "";
			projectRoot = "";
			targets = (
				DB8CDA9E2BA6B55B00F7AF02 /* 1st_hw_KimMinHyeok */,
				DB8CDAB42BA6B55D00F7AF02 /* 1st_hw_KimMinHyeokTests */,
				DB8CDABE2BA6B55D00F7AF02 /* 1st_hw_KimMinHyeokUITests */,
			);
		};
/* End PBXProject section */

/* Begin PBXResourcesBuildPhase section */
		DB8CDA9D2BA6B55B00F7AF02 /* Resources */ = {
			isa = PBXResourcesBuildPhase;
			buildActionMask = 2147483647;
			files = (
				DB8CDAAF2BA6B55D00F7AF02 /* LaunchScreen.storyboard in Resources */,
				DB8CDAAC2BA6B55D00F7AF02 /* Assets.xcassets in Resources */,
				DB8CDAAA2BA6B55B00F7AF02 /* Main.storyboard in Resources */,
			);
			runOnlyForDeploymentPostprocessing = 0;
		};
		DB8CDAB32BA6B55D00F7AF02 /* Resources */ = {
			isa = PBXResourcesBuildPhase;
			buildActionMask = 2147483647;
			files = (
			);
			runOnlyForDeploymentPostprocessing = 0;
		};
		DB8CDABD2BA6B55D00F7AF02 /* Resources */ = {
			isa = PBXResourcesBuildPhase;
			buildActionMask = 2147483647;
			files = (
			);
			runOnlyForDeploymentPostprocessing = 0;
		};
/* End PBXResourcesBuildPhase section */

/* Begin PBXSourcesBuildPhase section */
		DB8CDA9B2BA6B55B00F7AF02 /* Sources */ = {
			isa = PBXSourcesBuildPhase;
			buildActionMask = 2147483647;
			files = (
				DB8CDAA72BA6B55B00F7AF02 /* ViewController.swift in Sources */,
				DB8CDAA32BA6B55B00F7AF02 /* AppDelegate.swift in Sources */,
				DB8CDAA52BA6B55B00F7AF02 /* SceneDelegate.swift in Sources */,
			);
			runOnlyForDeploymentPostprocessing = 0;
		};
		DB8CDAB12BA6B55D00F7AF02 /* Sources */ = {
			isa = PBXSourcesBuildPhase;
			buildActionMask = 2147483647;
			files = (
				DB8CDABA2BA6B55D00F7AF02 /* _st_hw_KimMinHyeokTests.swift in Sources */,
			);
			runOnlyForDeploymentPostprocessing = 0;
		};
		DB8CDABB2BA6B55D00F7AF02 /* Sources */ = {
			isa = PBXSourcesBuildPhase;
			buildActionMask = 2147483647;
			files = (
				DB8CDAC62BA6B55D00F7AF02 /* _st_hw_KimMinHyeokUITestsLaunchTests.swift in Sources */,
				DB8CDAC42BA6B55D00F7AF02 /* _st_hw_KimMinHyeokUITests.swift in Sources */,
			);
			runOnlyForDeploymentPostprocessing = 0;
		};
/* End PBXSourcesBuildPhase section */

/* Begin PBXTargetDependency section */
		DB8CDAB72BA6B55D00F7AF02 /* PBXTargetDependency */ = {
			isa = PBXTargetDependency;
			target = DB8CDA9E2BA6B55B00F7AF02 /* 1st_hw_KimMinHyeok */;
			targetProxy = DB8CDAB62BA6B55D00F7AF02 /* PBXContainerItemProxy */;
		};
		DB8CDAC12BA6B55D00F7AF02 /* PBXTargetDependency */ = {
			isa = PBXTargetDependency;
			target = DB8CDA9E2BA6B55B00F7AF02 /* 1st_hw_KimMinHyeok */;
			targetProxy = DB8CDAC02BA6B55D00F7AF02 /* PBXContainerItemProxy */;
		};
/* End PBXTargetDependency section */

/* Begin PBXVariantGroup section */
		DB8CDAA82BA6B55B00F7AF02 /* Main.storyboard */ = {
			isa = PBXVariantGroup;
			children = (
				DB8CDAA92BA6B55B00F7AF02 /* Base */,
			);
			name = Main.storyboard;
			sourceTree = "<group>";
		};
		DB8CDAAD2BA6B55D00F7AF02 /* LaunchScreen.storyboard */ = {
			isa = PBXVariantGroup;
			children = (
				DB8CDAAE2BA6B55D00F7AF02 /* Base */,
			);
			name = LaunchScreen.storyboard;
			sourceTree = "<group>";
		};
/* End PBXVariantGroup section */

/* Begin XCBuildConfiguration section */
		DB8CDAC72BA6B55D00F7AF02 /* Debug */ = {
			isa = XCBuildConfiguration;
			buildSettings = {
				ALWAYS_SEARCH_USER_PATHS = NO;
				ASSETCATALOG_COMPILER_GENERATE_SWIFT_ASSET_SYMBOL_EXTENSIONS = YES;
				CLANG_ANALYZER_NONNULL = YES;
				CLANG_ANALYZER_NUMBER_OBJECT_CONVERSION = YES_AGGRESSIVE;
				CLANG_CXX_LANGUAGE_STANDARD = "gnu++20";
				CLANG_ENABLE_MODULES = YES;
				CLANG_ENABLE_OBJC_ARC = YES;
				CLANG_ENABLE_OBJC_WEAK = YES;
				CLANG_WARN_BLOCK_CAPTURE_AUTORELEASING = YES;
				CLANG_WARN_BOOL_CONVERSION = YES;
				CLANG_WARN_COMMA = YES;
				CLANG_WARN_CONSTANT_CONVERSION = YES;
				CLANG_WARN_DEPRECATED_OBJC_IMPLEMENTATIONS = YES;
				CLANG_WARN_DIRECT_OBJC_ISA_USAGE = YES_ERROR;
				CLANG_WARN_DOCUMENTATION_COMMENTS = YES;
				CLANG_WARN_EMPTY_BODY = YES;
				CLANG_WARN_ENUM_CONVERSION = YES;
				CLANG_WARN_INFINITE_RECURSION = YES;
				CLANG_WARN_INT_CONVERSION = YES;
				CLANG_WARN_NON_LITERAL_NULL_CONVERSION = YES;
				CLANG_WARN_OBJC_IMPLICIT_RETAIN_SELF = YES;
				CLANG_WARN_OBJC_LITERAL_CONVERSION = YES;
				CLANG_WARN_OBJC_ROOT_CLASS = YES_ERROR;
				CLANG_WARN_QUOTED_INCLUDE_IN_FRAMEWORK_HEADER = YES;
				CLANG_WARN_RANGE_LOOP_ANALYSIS = YES;
				CLANG_WARN_STRICT_PROTOTYPES = YES;
				CLANG_WARN_SUSPICIOUS_MOVE = YES;
				CLANG_WARN_UNGUARDED_AVAILABILITY = YES_AGGRESSIVE;
				CLANG_WARN_UNREACHABLE_CODE = YES;
				CLANG_WARN__DUPLICATE_METHOD_MATCH = YES;
				COPY_PHASE_STRIP = NO;
				DEBUG_INFORMATION_FORMAT = dwarf;
				ENABLE_STRICT_OBJC_MSGSEND = YES;
				ENABLE_TESTABILITY = YES;
				ENABLE_USER_SCRIPT_SANDBOXING = YES;
				GCC_C_LANGUAGE_STANDARD = gnu17;
				GCC_DYNAMIC_NO_PIC = NO;
				GCC_NO_COMMON_BLOCKS = YES;
				GCC_OPTIMIZATION_LEVEL = 0;
				GCC_PREPROCESSOR_DEFINITIONS = (
					"DEBUG=1",
					"$(inherited)",
				);
				GCC_WARN_64_TO_32_BIT_CONVERSION = YES;
				GCC_WARN_ABOUT_RETURN_TYPE = YES_ERROR;
				GCC_WARN_UNDECLARED_SELECTOR = YES;
				GCC_WARN_UNINITIALIZED_AUTOS = YES_AGGRESSIVE;
				GCC_WARN_UNUSED_FUNCTION = YES;
				GCC_WARN_UNUSED_VARIABLE = YES;
				IPHONEOS_DEPLOYMENT_TARGET = 17.2;
				LOCALIZATION_PREFERS_STRING_CATALOGS = YES;
				MTL_ENABLE_DEBUG_INFO = INCLUDE_SOURCE;
				MTL_FAST_MATH = YES;
				ONLY_ACTIVE_ARCH = YES;
				SDKROOT = iphoneos;
				SWIFT_ACTIVE_COMPILATION_CONDITIONS = "DEBUG $(inherited)";
				SWIFT_OPTIMIZATION_LEVEL = "-Onone";
			};
			name = Debug;
		};
		DB8CDAC82BA6B55D00F7AF02 /* Release */ = {
			isa = XCBuildConfiguration;
			buildSettings = {
				ALWAYS_SEARCH_USER_PATHS = NO;
				ASSETCATALOG_COMPILER_GENERATE_SWIFT_ASSET_SYMBOL_EXTENSIONS = YES;
				CLANG_ANALYZER_NONNULL = YES;
				CLANG_ANALYZER_NUMBER_OBJECT_CONVERSION = YES_AGGRESSIVE;
				CLANG_CXX_LANGUAGE_STANDARD = "gnu++20";
				CLANG_ENABLE_MODULES = YES;
				CLANG_ENABLE_OBJC_ARC = YES;
				CLANG_ENABLE_OBJC_WEAK = YES;
				CLANG_WARN_BLOCK_CAPTURE_AUTORELEASING = YES;
				CLANG_WARN_BOOL_CONVERSION = YES;
				CLANG_WARN_COMMA = YES;
				CLANG_WARN_CONSTANT_CONVERSION = YES;
				CLANG_WARN_DEPRECATED_OBJC_IMPLEMENTATIONS = YES;
				CLANG_WARN_DIRECT_OBJC_ISA_USAGE = YES_ERROR;
				CLANG_WARN_DOCUMENTATION_COMMENTS = YES;
				CLANG_WARN_EMPTY_BODY = YES;
				CLANG_WARN_ENUM_CONVERSION = YES;
				CLANG_WARN_INFINITE_RECURSION = YES;
				CLANG_WARN_INT_CONVERSION = YES;
				CLANG_WARN_NON_LITERAL_NULL_CONVERSION = YES;
				CLANG_WARN_OBJC_IMPLICIT_RETAIN_SELF = YES;
				CLANG_WARN_OBJC_LITERAL_CONVERSION = YES;
				CLANG_WARN_OBJC_ROOT_CLASS = YES_ERROR;
				CLANG_WARN_QUOTED_INCLUDE_IN_FRAMEWORK_HEADER = YES;
				CLANG_WARN_RANGE_LOOP_ANALYSIS = YES;
				CLANG_WARN_STRICT_PROTOTYPES = YES;
				CLANG_WARN_SUSPICIOUS_MOVE = YES;
				CLANG_WARN_UNGUARDED_AVAILABILITY = YES_AGGRESSIVE;
				CLANG_WARN_UNREACHABLE_CODE = YES;
				CLANG_WARN__DUPLICATE_METHOD_MATCH = YES;
				COPY_PHASE_STRIP = NO;
				DEBUG_INFORMATION_FORMAT = "dwarf-with-dsym";
				ENABLE_NS_ASSERTIONS = NO;
				ENABLE_STRICT_OBJC_MSGSEND = YES;
				ENABLE_USER_SCRIPT_SANDBOXING = YES;
				GCC_C_LANGUAGE_STANDARD = gnu17;
				GCC_NO_COMMON_BLOCKS = YES;
				GCC_WARN_64_TO_32_BIT_CONVERSION = YES;
				GCC_WARN_ABOUT_RETURN_TYPE = YES_ERROR;
				GCC_WARN_UNDECLARED_SELECTOR = YES;
				GCC_WARN_UNINITIALIZED_AUTOS = YES_AGGRESSIVE;
				GCC_WARN_UNUSED_FUNCTION = YES;
				GCC_WARN_UNUSED_VARIABLE = YES;
				IPHONEOS_DEPLOYMENT_TARGET = 17.2;
				LOCALIZATION_PREFERS_STRING_CATALOGS = YES;
				MTL_ENABLE_DEBUG_INFO = NO;
				MTL_FAST_MATH = YES;
				SDKROOT = iphoneos;
				SWIFT_COMPILATION_MODE = wholemodule;
				VALIDATE_PRODUCT = YES;
			};
			name = Release;
		};
		DB8CDACA2BA6B55D00F7AF02 /* Debug */ = {
			isa = XCBuildConfiguration;
			buildSettings = {
				ASSETCATALOG_COMPILER_APPICON_NAME = AppIcon;
				ASSETCATALOG_COMPILER_GLOBAL_ACCENT_COLOR_NAME = AccentColor;
				CODE_SIGN_STYLE = Automatic;
				CURRENT_PROJECT_VERSION = 1;
				DEVELOPMENT_TEAM = GXC72G385T;
				GENERATE_INFOPLIST_FILE = YES;
				INFOPLIST_FILE = 1st_hw_KimMinHyeok/Info.plist;
				INFOPLIST_KEY_UIApplicationSupportsIndirectInputEvents = YES;
				INFOPLIST_KEY_UILaunchStoryboardName = LaunchScreen;
				INFOPLIST_KEY_UIMainStoryboardFile = Main;
				INFOPLIST_KEY_UISupportedInterfaceOrientations_iPad = "UIInterfaceOrientationPortrait UIInterfaceOrientationPortraitUpsideDown UIInterfaceOrientationLandscapeLeft UIInterfaceOrientationLandscapeRight";
				INFOPLIST_KEY_UISupportedInterfaceOrientations_iPhone = "UIInterfaceOrientationPortrait UIInterfaceOrientationLandscapeLeft UIInterfaceOrientationLandscapeRight";
				IPHONEOS_DEPLOYMENT_TARGET = 17.0;
				LD_RUNPATH_SEARCH_PATHS = (
					"$(inherited)",
					"@executable_path/Frameworks",
				);
				MARKETING_VERSION = 1.0;
				PRODUCT_BUNDLE_IDENTIFIER = "com.minhyeokstudy.-st-hw-KimMinHyeok";
				PRODUCT_NAME = "$(TARGET_NAME)";
				SWIFT_EMIT_LOC_STRINGS = YES;
				SWIFT_VERSION = 5.0;
				TARGETED_DEVICE_FAMILY = "1,2";
			};
			name = Debug;
		};
		DB8CDACB2BA6B55D00F7AF02 /* Release */ = {
			isa = XCBuildConfiguration;
			buildSettings = {
				ASSETCATALOG_COMPILER_APPICON_NAME = AppIcon;
				ASSETCATALOG_COMPILER_GLOBAL_ACCENT_COLOR_NAME = AccentColor;
				CODE_SIGN_STYLE = Automatic;
				CURRENT_PROJECT_VERSION = 1;
				DEVELOPMENT_TEAM = GXC72G385T;
				GENERATE_INFOPLIST_FILE = YES;
				INFOPLIST_FILE = 1st_hw_KimMinHyeok/Info.plist;
				INFOPLIST_KEY_UIApplicationSupportsIndirectInputEvents = YES;
				INFOPLIST_KEY_UILaunchStoryboardName = LaunchScreen;
				INFOPLIST_KEY_UIMainStoryboardFile = Main;
				INFOPLIST_KEY_UISupportedInterfaceOrientations_iPad = "UIInterfaceOrientationPortrait UIInterfaceOrientationPortraitUpsideDown UIInterfaceOrientationLandscapeLeft UIInterfaceOrientationLandscapeRight";
				INFOPLIST_KEY_UISupportedInterfaceOrientations_iPhone = "UIInterfaceOrientationPortrait UIInterfaceOrientationLandscapeLeft UIInterfaceOrientationLandscapeRight";
				IPHONEOS_DEPLOYMENT_TARGET = 17.0;
				LD_RUNPATH_SEARCH_PATHS = (
					"$(inherited)",
					"@executable_path/Frameworks",
				);
				MARKETING_VERSION = 1.0;
				PRODUCT_BUNDLE_IDENTIFIER = "com.minhyeokstudy.-st-hw-KimMinHyeok";
				PRODUCT_NAME = "$(TARGET_NAME)";
				SWIFT_EMIT_LOC_STRINGS = YES;
				SWIFT_VERSION = 5.0;
				TARGETED_DEVICE_FAMILY = "1,2";
			};
			name = Release;
		};
		DB8CDACD2BA6B55D00F7AF02 /* Debug */ = {
			isa = XCBuildConfiguration;
			buildSettings = {
				ALWAYS_EMBED_SWIFT_STANDARD_LIBRARIES = YES;
				BUNDLE_LOADER = "$(TEST_HOST)";
				CODE_SIGN_STYLE = Automatic;
				CURRENT_PROJECT_VERSION = 1;
				DEVELOPMENT_TEAM = GXC72G385T;
				GENERATE_INFOPLIST_FILE = YES;
				IPHONEOS_DEPLOYMENT_TARGET = 17.2;
				MARKETING_VERSION = 1.0;
				PRODUCT_BUNDLE_IDENTIFIER = "com.minhyeokstudy.-st-hw-KimMinHyeokTests";
				PRODUCT_NAME = "$(TARGET_NAME)";
				SWIFT_EMIT_LOC_STRINGS = NO;
				SWIFT_VERSION = 5.0;
				TARGETED_DEVICE_FAMILY = "1,2";
				TEST_HOST = "$(BUILT_PRODUCTS_DIR)/1st_hw_KimMinHyeok.app/$(BUNDLE_EXECUTABLE_FOLDER_PATH)/1st_hw_KimMinHyeok";
			};
			name = Debug;
		};
		DB8CDACE2BA6B55D00F7AF02 /* Release */ = {
			isa = XCBuildConfiguration;
			buildSettings = {
				ALWAYS_EMBED_SWIFT_STANDARD_LIBRARIES = YES;
				BUNDLE_LOADER = "$(TEST_HOST)";
				CODE_SIGN_STYLE = Automatic;
				CURRENT_PROJECT_VERSION = 1;
				DEVELOPMENT_TEAM = GXC72G385T;
				GENERATE_INFOPLIST_FILE = YES;
				IPHONEOS_DEPLOYMENT_TARGET = 17.2;
				MARKETING_VERSION = 1.0;
				PRODUCT_BUNDLE_IDENTIFIER = "com.minhyeokstudy.-st-hw-KimMinHyeokTests";
				PRODUCT_NAME = "$(TARGET_NAME)";
				SWIFT_EMIT_LOC_STRINGS = NO;
				SWIFT_VERSION = 5.0;
				TARGETED_DEVICE_FAMILY = "1,2";
				TEST_HOST = "$(BUILT_PRODUCTS_DIR)/1st_hw_KimMinHyeok.app/$(BUNDLE_EXECUTABLE_FOLDER_PATH)/1st_hw_KimMinHyeok";
			};
			name = Release;
		};
		DB8CDAD02BA6B55D00F7AF02 /* Debug */ = {
			isa = XCBuildConfiguration;
			buildSettings = {
				ALWAYS_EMBED_SWIFT_STANDARD_LIBRARIES = YES;
				CODE_SIGN_STYLE = Automatic;
				CURRENT_PROJECT_VERSION = 1;
				DEVELOPMENT_TEAM = GXC72G385T;
				GENERATE_INFOPLIST_FILE = YES;
				MARKETING_VERSION = 1.0;
				PRODUCT_BUNDLE_IDENTIFIER = "com.minhyeokstudy.-st-hw-KimMinHyeokUITests";
				PRODUCT_NAME = "$(TARGET_NAME)";
				SWIFT_EMIT_LOC_STRINGS = NO;
				SWIFT_VERSION = 5.0;
				TARGETED_DEVICE_FAMILY = "1,2";
				TEST_TARGET_NAME = 1st_hw_KimMinHyeok;
			};
			name = Debug;
		};
		DB8CDAD12BA6B55D00F7AF02 /* Release */ = {
			isa = XCBuildConfiguration;
			buildSettings = {
				ALWAYS_EMBED_SWIFT_STANDARD_LIBRARIES = YES;
				CODE_SIGN_STYLE = Automatic;
				CURRENT_PROJECT_VERSION = 1;
				DEVELOPMENT_TEAM = GXC72G385T;
				GENERATE_INFOPLIST_FILE = YES;
				MARKETING_VERSION = 1.0;
				PRODUCT_BUNDLE_IDENTIFIER = "com.minhyeokstudy.-st-hw-KimMinHyeokUITests";
				PRODUCT_NAME = "$(TARGET_NAME)";
				SWIFT_EMIT_LOC_STRINGS = NO;
				SWIFT_VERSION = 5.0;
				TARGETED_DEVICE_FAMILY = "1,2";
				TEST_TARGET_NAME = 1st_hw_KimMinHyeok;
			};
			name = Release;
		};
/* End XCBuildConfiguration section */

/* Begin XCConfigurationList section */
		DB8CDA9A2BA6B55B00F7AF02 /* Build configuration list for PBXProject "1st_hw_KimMinHyeok" */ = {
			isa = XCConfigurationList;
			buildConfigurations = (
				DB8CDAC72BA6B55D00F7AF02 /* Debug */,
				DB8CDAC82BA6B55D00F7AF02 /* Release */,
			);
			defaultConfigurationIsVisible = 0;
			defaultConfigurationName = Release;
		};
		DB8CDAC92BA6B55D00F7AF02 /* Build configuration list for PBXNativeTarget "1st_hw_KimMinHyeok" */ = {
			isa = XCConfigurationList;
			buildConfigurations = (
				DB8CDACA2BA6B55D00F7AF02 /* Debug */,
				DB8CDACB2BA6B55D00F7AF02 /* Release */,
			);
			defaultConfigurationIsVisible = 0;
			defaultConfigurationName = Release;
		};
		DB8CDACC2BA6B55D00F7AF02 /* Build configuration list for PBXNativeTarget "1st_hw_KimMinHyeokTests" */ = {
			isa = XCConfigurationList;
			buildConfigurations = (
				DB8CDACD2BA6B55D00F7AF02 /* Debug */,
				DB8CDACE2BA6B55D00F7AF02 /* Release */,
			);
			defaultConfigurationIsVisible = 0;
			defaultConfigurationName = Release;
		};
		DB8CDACF2BA6B55D00F7AF02 /* Build configuration list for PBXNativeTarget "1st_hw_KimMinHyeokUITests" */ = {
			isa = XCConfigurationList;
			buildConfigurations = (
				DB8CDAD02BA6B55D00F7AF02 /* Debug */,
				DB8CDAD12BA6B55D00F7AF02 /* Release */,
			);
			defaultConfigurationIsVisible = 0;
			defaultConfigurationName = Release;
		};
/* End XCConfigurationList section */
	};
	rootObject = DB8CDA972BA6B55B00F7AF02 /* Project object */;
}
