// !$*UTF8*$!
{
	archiveVersion = 1;
	classes = {
	};
	objectVersion = 56;
	objects = {

/* Begin PBXBuildFile section */
		DB7D79CE2BBDA2A0005F12F8 /* ContentService.swift in Sources */ = {isa = PBXBuildFile; fileRef = DB7D79CD2BBDA2A0005F12F8 /* ContentService.swift */; };
		DBCD8ACC2BB5903A006C23F3 /* AppDelegate.swift in Sources */ = {isa = PBXBuildFile; fileRef = DBCD8ACB2BB5903A006C23F3 /* AppDelegate.swift */; };
		DBCD8ACE2BB5903A006C23F3 /* SceneDelegate.swift in Sources */ = {isa = PBXBuildFile; fileRef = DBCD8ACD2BB5903A006C23F3 /* SceneDelegate.swift */; };
		DBCD8AD02BB5903A006C23F3 /* ViewController.swift in Sources */ = {isa = PBXBuildFile; fileRef = DBCD8ACF2BB5903A006C23F3 /* ViewController.swift */; };
		DBCD8AD32BB5903A006C23F3 /* Main.storyboard in Resources */ = {isa = PBXBuildFile; fileRef = DBCD8AD12BB5903A006C23F3 /* Main.storyboard */; };
		DBCD8AD52BB5903B006C23F3 /* Assets.xcassets in Resources */ = {isa = PBXBuildFile; fileRef = DBCD8AD42BB5903B006C23F3 /* Assets.xcassets */; };
		DBCD8AD82BB5903B006C23F3 /* LaunchScreen.storyboard in Resources */ = {isa = PBXBuildFile; fileRef = DBCD8AD62BB5903B006C23F3 /* LaunchScreen.storyboard */; };
		DBCD8AE32BB5903C006C23F3 /* _rd_hw_KimMinhyeokTests.swift in Sources */ = {isa = PBXBuildFile; fileRef = DBCD8AE22BB5903C006C23F3 /* _rd_hw_KimMinhyeokTests.swift */; };
		DBCD8AED2BB5903C006C23F3 /* _rd_hw_KimMinhyeokUITests.swift in Sources */ = {isa = PBXBuildFile; fileRef = DBCD8AEC2BB5903C006C23F3 /* _rd_hw_KimMinhyeokUITests.swift */; };
		DBCD8AEF2BB5903C006C23F3 /* _rd_hw_KimMinhyeokUITestsLaunchTests.swift in Sources */ = {isa = PBXBuildFile; fileRef = DBCD8AEE2BB5903C006C23F3 /* _rd_hw_KimMinhyeokUITestsLaunchTests.swift */; };
		DBCD8AFC2BB59921006C23F3 /* SectionCellComponent.swift in Sources */ = {isa = PBXBuildFile; fileRef = DBCD8AFB2BB59921006C23F3 /* SectionCellComponent.swift */; };
		DBCD8AFE2BB6834B006C23F3 /* ContentModel.swift in Sources */ = {isa = PBXBuildFile; fileRef = DBCD8AFD2BB6834B006C23F3 /* ContentModel.swift */; };
		DBCD8B002BB692BB006C23F3 /* HomeViewController.swift in Sources */ = {isa = PBXBuildFile; fileRef = DBCD8AFF2BB692BB006C23F3 /* HomeViewController.swift */; };
		DBCD8B022BB692D4006C23F3 /* SearchViewController.swift in Sources */ = {isa = PBXBuildFile; fileRef = DBCD8B012BB692D4006C23F3 /* SearchViewController.swift */; };
		DBCD8B042BB692F6006C23F3 /* ComingSoonViewController.swift in Sources */ = {isa = PBXBuildFile; fileRef = DBCD8B032BB692F6006C23F3 /* ComingSoonViewController.swift */; };
		DBCD8B062BB69301006C23F3 /* DownLoadViewController.swift in Sources */ = {isa = PBXBuildFile; fileRef = DBCD8B052BB69301006C23F3 /* DownLoadViewController.swift */; };
		DBCD8B082BB6930E006C23F3 /* MoreViewController.swift in Sources */ = {isa = PBXBuildFile; fileRef = DBCD8B072BB6930E006C23F3 /* MoreViewController.swift */; };
		DBCD8B182BB85A12006C23F3 /* HeaderComponent.swift in Sources */ = {isa = PBXBuildFile; fileRef = DBCD8B172BB85A12006C23F3 /* HeaderComponent.swift */; };
		DBCD8B1A2BB85A4B006C23F3 /* CollectionViewComponent.swift in Sources */ = {isa = PBXBuildFile; fileRef = DBCD8B192BB85A4B006C23F3 /* CollectionViewComponent.swift */; };
		DBCD8B1C2BB860B5006C23F3 /* SectionHeaderComponent.swift in Sources */ = {isa = PBXBuildFile; fileRef = DBCD8B1B2BB860B5006C23F3 /* SectionHeaderComponent.swift */; };
/* End PBXBuildFile section */

/* Begin PBXContainerItemProxy section */
		DBCD8ADF2BB5903C006C23F3 /* PBXContainerItemProxy */ = {
			isa = PBXContainerItemProxy;
			containerPortal = DBCD8AC02BB5903A006C23F3 /* Project object */;
			proxyType = 1;
			remoteGlobalIDString = DBCD8AC72BB5903A006C23F3;
			remoteInfo = 3rd_hw_KimMinhyeok;
		};
		DBCD8AE92BB5903C006C23F3 /* PBXContainerItemProxy */ = {
			isa = PBXContainerItemProxy;
			containerPortal = DBCD8AC02BB5903A006C23F3 /* Project object */;
			proxyType = 1;
			remoteGlobalIDString = DBCD8AC72BB5903A006C23F3;
			remoteInfo = 3rd_hw_KimMinhyeok;
		};
/* End PBXContainerItemProxy section */

/* Begin PBXFileReference section */
		DB7D79CD2BBDA2A0005F12F8 /* ContentService.swift */ = {isa = PBXFileReference; lastKnownFileType = sourcecode.swift; path = ContentService.swift; sourceTree = "<group>"; };
		DBCD8AC82BB5903A006C23F3 /* 3rd_hw_KimMinhyeok.app */ = {isa = PBXFileReference; explicitFileType = wrapper.application; includeInIndex = 0; path = 3rd_hw_KimMinhyeok.app; sourceTree = BUILT_PRODUCTS_DIR; };
		DBCD8ACB2BB5903A006C23F3 /* AppDelegate.swift */ = {isa = PBXFileReference; lastKnownFileType = sourcecode.swift; path = AppDelegate.swift; sourceTree = "<group>"; };
		DBCD8ACD2BB5903A006C23F3 /* SceneDelegate.swift */ = {isa = PBXFileReference; lastKnownFileType = sourcecode.swift; path = SceneDelegate.swift; sourceTree = "<group>"; };
		DBCD8ACF2BB5903A006C23F3 /* ViewController.swift */ = {isa = PBXFileReference; lastKnownFileType = sourcecode.swift; path = ViewController.swift; sourceTree = "<group>"; };
		DBCD8AD22BB5903A006C23F3 /* Base */ = {isa = PBXFileReference; lastKnownFileType = file.storyboard; name = Base; path = Base.lproj/Main.storyboard; sourceTree = "<group>"; };
		DBCD8AD42BB5903B006C23F3 /* Assets.xcassets */ = {isa = PBXFileReference; lastKnownFileType = folder.assetcatalog; path = Assets.xcassets; sourceTree = "<group>"; };
		DBCD8AD72BB5903B006C23F3 /* Base */ = {isa = PBXFileReference; lastKnownFileType = file.storyboard; name = Base; path = Base.lproj/LaunchScreen.storyboard; sourceTree = "<group>"; };
		DBCD8AD92BB5903B006C23F3 /* Info.plist */ = {isa = PBXFileReference; lastKnownFileType = text.plist.xml; path = Info.plist; sourceTree = "<group>"; };
		DBCD8ADE2BB5903C006C23F3 /* 3rd_hw_KimMinhyeokTests.xctest */ = {isa = PBXFileReference; explicitFileType = wrapper.cfbundle; includeInIndex = 0; path = 3rd_hw_KimMinhyeokTests.xctest; sourceTree = BUILT_PRODUCTS_DIR; };
		DBCD8AE22BB5903C006C23F3 /* _rd_hw_KimMinhyeokTests.swift */ = {isa = PBXFileReference; lastKnownFileType = sourcecode.swift; path = _rd_hw_KimMinhyeokTests.swift; sourceTree = "<group>"; };
		DBCD8AE82BB5903C006C23F3 /* 3rd_hw_KimMinhyeokUITests.xctest */ = {isa = PBXFileReference; explicitFileType = wrapper.cfbundle; includeInIndex = 0; path = 3rd_hw_KimMinhyeokUITests.xctest; sourceTree = BUILT_PRODUCTS_DIR; };
		DBCD8AEC2BB5903C006C23F3 /* _rd_hw_KimMinhyeokUITests.swift */ = {isa = PBXFileReference; lastKnownFileType = sourcecode.swift; path = _rd_hw_KimMinhyeokUITests.swift; sourceTree = "<group>"; };
		DBCD8AEE2BB5903C006C23F3 /* _rd_hw_KimMinhyeokUITestsLaunchTests.swift */ = {isa = PBXFileReference; lastKnownFileType = sourcecode.swift; path = _rd_hw_KimMinhyeokUITestsLaunchTests.swift; sourceTree = "<group>"; };
		DBCD8AFB2BB59921006C23F3 /* SectionCellComponent.swift */ = {isa = PBXFileReference; lastKnownFileType = sourcecode.swift; path = SectionCellComponent.swift; sourceTree = "<group>"; };
		DBCD8AFD2BB6834B006C23F3 /* ContentModel.swift */ = {isa = PBXFileReference; lastKnownFileType = sourcecode.swift; path = ContentModel.swift; sourceTree = "<group>"; };
		DBCD8AFF2BB692BB006C23F3 /* HomeViewController.swift */ = {isa = PBXFileReference; lastKnownFileType = sourcecode.swift; path = HomeViewController.swift; sourceTree = "<group>"; };
		DBCD8B012BB692D4006C23F3 /* SearchViewController.swift */ = {isa = PBXFileReference; lastKnownFileType = sourcecode.swift; path = SearchViewController.swift; sourceTree = "<group>"; };
		DBCD8B032BB692F6006C23F3 /* ComingSoonViewController.swift */ = {isa = PBXFileReference; lastKnownFileType = sourcecode.swift; path = ComingSoonViewController.swift; sourceTree = "<group>"; };
		DBCD8B052BB69301006C23F3 /* DownLoadViewController.swift */ = {isa = PBXFileReference; lastKnownFileType = sourcecode.swift; path = DownLoadViewController.swift; sourceTree = "<group>"; };
		DBCD8B072BB6930E006C23F3 /* MoreViewController.swift */ = {isa = PBXFileReference; lastKnownFileType = sourcecode.swift; path = MoreViewController.swift; sourceTree = "<group>"; };
		DBCD8B172BB85A12006C23F3 /* HeaderComponent.swift */ = {isa = PBXFileReference; lastKnownFileType = sourcecode.swift; path = HeaderComponent.swift; sourceTree = "<group>"; };
		DBCD8B192BB85A4B006C23F3 /* CollectionViewComponent.swift */ = {isa = PBXFileReference; lastKnownFileType = sourcecode.swift; path = CollectionViewComponent.swift; sourceTree = "<group>"; };
		DBCD8B1B2BB860B5006C23F3 /* SectionHeaderComponent.swift */ = {isa = PBXFileReference; lastKnownFileType = sourcecode.swift; path = SectionHeaderComponent.swift; sourceTree = "<group>"; };
/* End PBXFileReference section */

/* Begin PBXFrameworksBuildPhase section */
		DBCD8AC52BB5903A006C23F3 /* Frameworks */ = {
			isa = PBXFrameworksBuildPhase;
			buildActionMask = 2147483647;
			files = (
			);
			runOnlyForDeploymentPostprocessing = 0;
		};
		DBCD8ADB2BB5903C006C23F3 /* Frameworks */ = {
			isa = PBXFrameworksBuildPhase;
			buildActionMask = 2147483647;
			files = (
			);
			runOnlyForDeploymentPostprocessing = 0;
		};
		DBCD8AE52BB5903C006C23F3 /* Frameworks */ = {
			isa = PBXFrameworksBuildPhase;
			buildActionMask = 2147483647;
			files = (
			);
			runOnlyForDeploymentPostprocessing = 0;
		};
/* End PBXFrameworksBuildPhase section */

/* Begin PBXGroup section */
		DB7D79CC2BBDA279005F12F8 /* services */ = {
			isa = PBXGroup;
			children = (
				DB7D79CD2BBDA2A0005F12F8 /* ContentService.swift */,
			);
			path = services;
			sourceTree = "<group>";
		};
		DBCD8ABF2BB5903A006C23F3 = {
			isa = PBXGroup;
			children = (
				DBCD8ACA2BB5903A006C23F3 /* 3rd_hw_KimMinhyeok */,
				DBCD8AE12BB5903C006C23F3 /* 3rd_hw_KimMinhyeokTests */,
				DBCD8AEB2BB5903C006C23F3 /* 3rd_hw_KimMinhyeokUITests */,
				DBCD8AC92BB5903A006C23F3 /* Products */,
			);
			sourceTree = "<group>";
		};
		DBCD8AC92BB5903A006C23F3 /* Products */ = {
			isa = PBXGroup;
			children = (
				DBCD8AC82BB5903A006C23F3 /* 3rd_hw_KimMinhyeok.app */,
				DBCD8ADE2BB5903C006C23F3 /* 3rd_hw_KimMinhyeokTests.xctest */,
				DBCD8AE82BB5903C006C23F3 /* 3rd_hw_KimMinhyeokUITests.xctest */,
			);
			name = Products;
			sourceTree = "<group>";
		};
		DBCD8ACA2BB5903A006C23F3 /* 3rd_hw_KimMinhyeok */ = {
			isa = PBXGroup;
			children = (
				DBCD8B092BB6932A006C23F3 /* viewControllers */,
				DBCD8ACB2BB5903A006C23F3 /* AppDelegate.swift */,
				DBCD8ACD2BB5903A006C23F3 /* SceneDelegate.swift */,
				DBCD8AD12BB5903A006C23F3 /* Main.storyboard */,
				DBCD8AD42BB5903B006C23F3 /* Assets.xcassets */,
				DBCD8AD62BB5903B006C23F3 /* LaunchScreen.storyboard */,
				DBCD8AD92BB5903B006C23F3 /* Info.plist */,
			);
			path = 3rd_hw_KimMinhyeok;
			sourceTree = "<group>";
		};
		DBCD8AE12BB5903C006C23F3 /* 3rd_hw_KimMinhyeokTests */ = {
			isa = PBXGroup;
			children = (
				DBCD8AE22BB5903C006C23F3 /* _rd_hw_KimMinhyeokTests.swift */,
			);
			path = 3rd_hw_KimMinhyeokTests;
			sourceTree = "<group>";
		};
		DBCD8AEB2BB5903C006C23F3 /* 3rd_hw_KimMinhyeokUITests */ = {
			isa = PBXGroup;
			children = (
				DBCD8AEC2BB5903C006C23F3 /* _rd_hw_KimMinhyeokUITests.swift */,
				DBCD8AEE2BB5903C006C23F3 /* _rd_hw_KimMinhyeokUITestsLaunchTests.swift */,
			);
			path = 3rd_hw_KimMinhyeokUITests;
			sourceTree = "<group>";
		};
		DBCD8B092BB6932A006C23F3 /* viewControllers */ = {
			isa = PBXGroup;
			children = (
				DB7D79CC2BBDA279005F12F8 /* services */,
				DBCD8B1F2BB97A76006C23F3 /* models */,
				DBCD8B1E2BB8BACE006C23F3 /* views */,
				DBCD8B152BB85949006C23F3 /* components */,
			);
			path = viewControllers;
			sourceTree = "<group>";
		};
		DBCD8B152BB85949006C23F3 /* components */ = {
			isa = PBXGroup;
			children = (
				DBCD8B172BB85A12006C23F3 /* HeaderComponent.swift */,
				DBCD8B1D2BB8BA96006C23F3 /* collectionView */,
			);
			path = components;
			sourceTree = "<group>";
		};
		DBCD8B1D2BB8BA96006C23F3 /* collectionView */ = {
			isa = PBXGroup;
			children = (
				DBCD8B192BB85A4B006C23F3 /* CollectionViewComponent.swift */,
				DBCD8B1B2BB860B5006C23F3 /* SectionHeaderComponent.swift */,
				DBCD8AFB2BB59921006C23F3 /* SectionCellComponent.swift */,
			);
			path = collectionView;
			sourceTree = "<group>";
		};
		DBCD8B1E2BB8BACE006C23F3 /* views */ = {
			isa = PBXGroup;
			children = (
				DBCD8ACF2BB5903A006C23F3 /* ViewController.swift */,
				DBCD8AFF2BB692BB006C23F3 /* HomeViewController.swift */,
				DBCD8B012BB692D4006C23F3 /* SearchViewController.swift */,
				DBCD8B032BB692F6006C23F3 /* ComingSoonViewController.swift */,
				DBCD8B052BB69301006C23F3 /* DownLoadViewController.swift */,
				DBCD8B072BB6930E006C23F3 /* MoreViewController.swift */,
			);
			path = views;
			sourceTree = "<group>";
		};
		DBCD8B1F2BB97A76006C23F3 /* models */ = {
			isa = PBXGroup;
			children = (
				DBCD8AFD2BB6834B006C23F3 /* ContentModel.swift */,
			);
			path = models;
			sourceTree = "<group>";
		};
/* End PBXGroup section */

/* Begin PBXNativeTarget section */
		DBCD8AC72BB5903A006C23F3 /* 3rd_hw_KimMinhyeok */ = {
			isa = PBXNativeTarget;
			buildConfigurationList = DBCD8AF22BB5903C006C23F3 /* Build configuration list for PBXNativeTarget "3rd_hw_KimMinhyeok" */;
			buildPhases = (
				DBCD8AC42BB5903A006C23F3 /* Sources */,
				DBCD8AC52BB5903A006C23F3 /* Frameworks */,
				DBCD8AC62BB5903A006C23F3 /* Resources */,
			);
			buildRules = (
			);
			dependencies = (
			);
			name = 3rd_hw_KimMinhyeok;
			productName = 3rd_hw_KimMinhyeok;
			productReference = DBCD8AC82BB5903A006C23F3 /* 3rd_hw_KimMinhyeok.app */;
			productType = "com.apple.product-type.application";
		};
		DBCD8ADD2BB5903C006C23F3 /* 3rd_hw_KimMinhyeokTests */ = {
			isa = PBXNativeTarget;
			buildConfigurationList = DBCD8AF52BB5903C006C23F3 /* Build configuration list for PBXNativeTarget "3rd_hw_KimMinhyeokTests" */;
			buildPhases = (
				DBCD8ADA2BB5903C006C23F3 /* Sources */,
				DBCD8ADB2BB5903C006C23F3 /* Frameworks */,
				DBCD8ADC2BB5903C006C23F3 /* Resources */,
			);
			buildRules = (
			);
			dependencies = (
				DBCD8AE02BB5903C006C23F3 /* PBXTargetDependency */,
			);
			name = 3rd_hw_KimMinhyeokTests;
			productName = 3rd_hw_KimMinhyeokTests;
			productReference = DBCD8ADE2BB5903C006C23F3 /* 3rd_hw_KimMinhyeokTests.xctest */;
			productType = "com.apple.product-type.bundle.unit-test";
		};
		DBCD8AE72BB5903C006C23F3 /* 3rd_hw_KimMinhyeokUITests */ = {
			isa = PBXNativeTarget;
			buildConfigurationList = DBCD8AF82BB5903C006C23F3 /* Build configuration list for PBXNativeTarget "3rd_hw_KimMinhyeokUITests" */;
			buildPhases = (
				DBCD8AE42BB5903C006C23F3 /* Sources */,
				DBCD8AE52BB5903C006C23F3 /* Frameworks */,
				DBCD8AE62BB5903C006C23F3 /* Resources */,
			);
			buildRules = (
			);
			dependencies = (
				DBCD8AEA2BB5903C006C23F3 /* PBXTargetDependency */,
			);
			name = 3rd_hw_KimMinhyeokUITests;
			productName = 3rd_hw_KimMinhyeokUITests;
			productReference = DBCD8AE82BB5903C006C23F3 /* 3rd_hw_KimMinhyeokUITests.xctest */;
			productType = "com.apple.product-type.bundle.ui-testing";
		};
/* End PBXNativeTarget section */

/* Begin PBXProject section */
		DBCD8AC02BB5903A006C23F3 /* Project object */ = {
			isa = PBXProject;
			attributes = {
				BuildIndependentTargetsInParallel = 1;
				LastSwiftUpdateCheck = 1520;
				LastUpgradeCheck = 1520;
				TargetAttributes = {
					DBCD8AC72BB5903A006C23F3 = {
						CreatedOnToolsVersion = 15.2;
					};
					DBCD8ADD2BB5903C006C23F3 = {
						CreatedOnToolsVersion = 15.2;
						TestTargetID = DBCD8AC72BB5903A006C23F3;
					};
					DBCD8AE72BB5903C006C23F3 = {
						CreatedOnToolsVersion = 15.2;
						TestTargetID = DBCD8AC72BB5903A006C23F3;
					};
				};
			};
			buildConfigurationList = DBCD8AC32BB5903A006C23F3 /* Build configuration list for PBXProject "3rd_hw_KimMinhyeok" */;
			compatibilityVersion = "Xcode 14.0";
			developmentRegion = en;
			hasScannedForEncodings = 0;
			knownRegions = (
				en,
				Base,
			);
			mainGroup = DBCD8ABF2BB5903A006C23F3;
			productRefGroup = DBCD8AC92BB5903A006C23F3 /* Products */;
			projectDirPath = "";
			projectRoot = "";
			targets = (
				DBCD8AC72BB5903A006C23F3 /* 3rd_hw_KimMinhyeok */,
				DBCD8ADD2BB5903C006C23F3 /* 3rd_hw_KimMinhyeokTests */,
				DBCD8AE72BB5903C006C23F3 /* 3rd_hw_KimMinhyeokUITests */,
			);
		};
/* End PBXProject section */

/* Begin PBXResourcesBuildPhase section */
		DBCD8AC62BB5903A006C23F3 /* Resources */ = {
			isa = PBXResourcesBuildPhase;
			buildActionMask = 2147483647;
			files = (
				DBCD8AD82BB5903B006C23F3 /* LaunchScreen.storyboard in Resources */,
				DBCD8AD52BB5903B006C23F3 /* Assets.xcassets in Resources */,
				DBCD8AD32BB5903A006C23F3 /* Main.storyboard in Resources */,
			);
			runOnlyForDeploymentPostprocessing = 0;
		};
		DBCD8ADC2BB5903C006C23F3 /* Resources */ = {
			isa = PBXResourcesBuildPhase;
			buildActionMask = 2147483647;
			files = (
			);
			runOnlyForDeploymentPostprocessing = 0;
		};
		DBCD8AE62BB5903C006C23F3 /* Resources */ = {
			isa = PBXResourcesBuildPhase;
			buildActionMask = 2147483647;
			files = (
			);
			runOnlyForDeploymentPostprocessing = 0;
		};
/* End PBXResourcesBuildPhase section */

/* Begin PBXSourcesBuildPhase section */
		DBCD8AC42BB5903A006C23F3 /* Sources */ = {
			isa = PBXSourcesBuildPhase;
			buildActionMask = 2147483647;
			files = (
				DBCD8AD02BB5903A006C23F3 /* ViewController.swift in Sources */,
				DBCD8B022BB692D4006C23F3 /* SearchViewController.swift in Sources */,
				DBCD8B1A2BB85A4B006C23F3 /* CollectionViewComponent.swift in Sources */,
				DBCD8B1C2BB860B5006C23F3 /* SectionHeaderComponent.swift in Sources */,
				DBCD8ACC2BB5903A006C23F3 /* AppDelegate.swift in Sources */,
				DBCD8AFE2BB6834B006C23F3 /* ContentModel.swift in Sources */,
				DBCD8B182BB85A12006C23F3 /* HeaderComponent.swift in Sources */,
				DBCD8B062BB69301006C23F3 /* DownLoadViewController.swift in Sources */,
				DBCD8B082BB6930E006C23F3 /* MoreViewController.swift in Sources */,
				DB7D79CE2BBDA2A0005F12F8 /* ContentService.swift in Sources */,
				DBCD8B042BB692F6006C23F3 /* ComingSoonViewController.swift in Sources */,
				DBCD8ACE2BB5903A006C23F3 /* SceneDelegate.swift in Sources */,
				DBCD8AFC2BB59921006C23F3 /* SectionCellComponent.swift in Sources */,
				DBCD8B002BB692BB006C23F3 /* HomeViewController.swift in Sources */,
			);
			runOnlyForDeploymentPostprocessing = 0;
		};
		DBCD8ADA2BB5903C006C23F3 /* Sources */ = {
			isa = PBXSourcesBuildPhase;
			buildActionMask = 2147483647;
			files = (
				DBCD8AE32BB5903C006C23F3 /* _rd_hw_KimMinhyeokTests.swift in Sources */,
			);
			runOnlyForDeploymentPostprocessing = 0;
		};
		DBCD8AE42BB5903C006C23F3 /* Sources */ = {
			isa = PBXSourcesBuildPhase;
			buildActionMask = 2147483647;
			files = (
				DBCD8AED2BB5903C006C23F3 /* _rd_hw_KimMinhyeokUITests.swift in Sources */,
				DBCD8AEF2BB5903C006C23F3 /* _rd_hw_KimMinhyeokUITestsLaunchTests.swift in Sources */,
			);
			runOnlyForDeploymentPostprocessing = 0;
		};
/* End PBXSourcesBuildPhase section */

/* Begin PBXTargetDependency section */
		DBCD8AE02BB5903C006C23F3 /* PBXTargetDependency */ = {
			isa = PBXTargetDependency;
			target = DBCD8AC72BB5903A006C23F3 /* 3rd_hw_KimMinhyeok */;
			targetProxy = DBCD8ADF2BB5903C006C23F3 /* PBXContainerItemProxy */;
		};
		DBCD8AEA2BB5903C006C23F3 /* PBXTargetDependency */ = {
			isa = PBXTargetDependency;
			target = DBCD8AC72BB5903A006C23F3 /* 3rd_hw_KimMinhyeok */;
			targetProxy = DBCD8AE92BB5903C006C23F3 /* PBXContainerItemProxy */;
		};
/* End PBXTargetDependency section */

/* Begin PBXVariantGroup section */
		DBCD8AD12BB5903A006C23F3 /* Main.storyboard */ = {
			isa = PBXVariantGroup;
			children = (
				DBCD8AD22BB5903A006C23F3 /* Base */,
			);
			name = Main.storyboard;
			sourceTree = "<group>";
		};
		DBCD8AD62BB5903B006C23F3 /* LaunchScreen.storyboard */ = {
			isa = PBXVariantGroup;
			children = (
				DBCD8AD72BB5903B006C23F3 /* Base */,
			);
			name = LaunchScreen.storyboard;
			sourceTree = "<group>";
		};
/* End PBXVariantGroup section */

/* Begin XCBuildConfiguration section */
		DBCD8AF02BB5903C006C23F3 /* Debug */ = {
			isa = XCBuildConfiguration;
			buildSettings = {
				ALWAYS_SEARCH_USER_PATHS = NO;
				ASSETCATALOG_COMPILER_GENERATE_SWIFT_ASSET_SYMBOL_EXTENSIONS = YES;
				CLANG_ANALYZER_NONNULL = YES;
				CLANG_ANALYZER_NUMBER_OBJECT_CONVERSION = YES_AGGRESSIVE;
				CLANG_CXX_LANGUAGE_STANDARD = "gnu++20";
				CLANG_ENABLE_MODULES = YES;
				CLANG_ENABLE_OBJC_ARC = YES;
				CLANG_ENABLE_OBJC_WEAK = YES;
				CLANG_WARN_BLOCK_CAPTURE_AUTORELEASING = YES;
				CLANG_WARN_BOOL_CONVERSION = YES;
				CLANG_WARN_COMMA = YES;
				CLANG_WARN_CONSTANT_CONVERSION = YES;
				CLANG_WARN_DEPRECATED_OBJC_IMPLEMENTATIONS = YES;
				CLANG_WARN_DIRECT_OBJC_ISA_USAGE = YES_ERROR;
				CLANG_WARN_DOCUMENTATION_COMMENTS = YES;
				CLANG_WARN_EMPTY_BODY = YES;
				CLANG_WARN_ENUM_CONVERSION = YES;
				CLANG_WARN_INFINITE_RECURSION = YES;
				CLANG_WARN_INT_CONVERSION = YES;
				CLANG_WARN_NON_LITERAL_NULL_CONVERSION = YES;
				CLANG_WARN_OBJC_IMPLICIT_RETAIN_SELF = YES;
				CLANG_WARN_OBJC_LITERAL_CONVERSION = YES;
				CLANG_WARN_OBJC_ROOT_CLASS = YES_ERROR;
				CLANG_WARN_QUOTED_INCLUDE_IN_FRAMEWORK_HEADER = YES;
				CLANG_WARN_RANGE_LOOP_ANALYSIS = YES;
				CLANG_WARN_STRICT_PROTOTYPES = YES;
				CLANG_WARN_SUSPICIOUS_MOVE = YES;
				CLANG_WARN_UNGUARDED_AVAILABILITY = YES_AGGRESSIVE;
				CLANG_WARN_UNREACHABLE_CODE = YES;
				CLANG_WARN__DUPLICATE_METHOD_MATCH = YES;
				COPY_PHASE_STRIP = NO;
				DEBUG_INFORMATION_FORMAT = dwarf;
				ENABLE_STRICT_OBJC_MSGSEND = YES;
				ENABLE_TESTABILITY = YES;
				ENABLE_USER_SCRIPT_SANDBOXING = YES;
				GCC_C_LANGUAGE_STANDARD = gnu17;
				GCC_DYNAMIC_NO_PIC = NO;
				GCC_NO_COMMON_BLOCKS = YES;
				GCC_OPTIMIZATION_LEVEL = 0;
				GCC_PREPROCESSOR_DEFINITIONS = (
					"DEBUG=1",
					"$(inherited)",
				);
				GCC_WARN_64_TO_32_BIT_CONVERSION = YES;
				GCC_WARN_ABOUT_RETURN_TYPE = YES_ERROR;
				GCC_WARN_UNDECLARED_SELECTOR = YES;
				GCC_WARN_UNINITIALIZED_AUTOS = YES_AGGRESSIVE;
				GCC_WARN_UNUSED_FUNCTION = YES;
				GCC_WARN_UNUSED_VARIABLE = YES;
				IPHONEOS_DEPLOYMENT_TARGET = 17.2;
				LOCALIZATION_PREFERS_STRING_CATALOGS = YES;
				MTL_ENABLE_DEBUG_INFO = INCLUDE_SOURCE;
				MTL_FAST_MATH = YES;
				ONLY_ACTIVE_ARCH = YES;
				SDKROOT = iphoneos;
				SWIFT_ACTIVE_COMPILATION_CONDITIONS = "DEBUG $(inherited)";
				SWIFT_OPTIMIZATION_LEVEL = "-Onone";
			};
			name = Debug;
		};
		DBCD8AF12BB5903C006C23F3 /* Release */ = {
			isa = XCBuildConfiguration;
			buildSettings = {
				ALWAYS_SEARCH_USER_PATHS = NO;
				ASSETCATALOG_COMPILER_GENERATE_SWIFT_ASSET_SYMBOL_EXTENSIONS = YES;
				CLANG_ANALYZER_NONNULL = YES;
				CLANG_ANALYZER_NUMBER_OBJECT_CONVERSION = YES_AGGRESSIVE;
				CLANG_CXX_LANGUAGE_STANDARD = "gnu++20";
				CLANG_ENABLE_MODULES = YES;
				CLANG_ENABLE_OBJC_ARC = YES;
				CLANG_ENABLE_OBJC_WEAK = YES;
				CLANG_WARN_BLOCK_CAPTURE_AUTORELEASING = YES;
				CLANG_WARN_BOOL_CONVERSION = YES;
				CLANG_WARN_COMMA = YES;
				CLANG_WARN_CONSTANT_CONVERSION = YES;
				CLANG_WARN_DEPRECATED_OBJC_IMPLEMENTATIONS = YES;
				CLANG_WARN_DIRECT_OBJC_ISA_USAGE = YES_ERROR;
				CLANG_WARN_DOCUMENTATION_COMMENTS = YES;
				CLANG_WARN_EMPTY_BODY = YES;
				CLANG_WARN_ENUM_CONVERSION = YES;
				CLANG_WARN_INFINITE_RECURSION = YES;
				CLANG_WARN_INT_CONVERSION = YES;
				CLANG_WARN_NON_LITERAL_NULL_CONVERSION = YES;
				CLANG_WARN_OBJC_IMPLICIT_RETAIN_SELF = YES;
				CLANG_WARN_OBJC_LITERAL_CONVERSION = YES;
				CLANG_WARN_OBJC_ROOT_CLASS = YES_ERROR;
				CLANG_WARN_QUOTED_INCLUDE_IN_FRAMEWORK_HEADER = YES;
				CLANG_WARN_RANGE_LOOP_ANALYSIS = YES;
				CLANG_WARN_STRICT_PROTOTYPES = YES;
				CLANG_WARN_SUSPICIOUS_MOVE = YES;
				CLANG_WARN_UNGUARDED_AVAILABILITY = YES_AGGRESSIVE;
				CLANG_WARN_UNREACHABLE_CODE = YES;
				CLANG_WARN__DUPLICATE_METHOD_MATCH = YES;
				COPY_PHASE_STRIP = NO;
				DEBUG_INFORMATION_FORMAT = "dwarf-with-dsym";
				ENABLE_NS_ASSERTIONS = NO;
				ENABLE_STRICT_OBJC_MSGSEND = YES;
				ENABLE_USER_SCRIPT_SANDBOXING = YES;
				GCC_C_LANGUAGE_STANDARD = gnu17;
				GCC_NO_COMMON_BLOCKS = YES;
				GCC_WARN_64_TO_32_BIT_CONVERSION = YES;
				GCC_WARN_ABOUT_RETURN_TYPE = YES_ERROR;
				GCC_WARN_UNDECLARED_SELECTOR = YES;
				GCC_WARN_UNINITIALIZED_AUTOS = YES_AGGRESSIVE;
				GCC_WARN_UNUSED_FUNCTION = YES;
				GCC_WARN_UNUSED_VARIABLE = YES;
				IPHONEOS_DEPLOYMENT_TARGET = 17.2;
				LOCALIZATION_PREFERS_STRING_CATALOGS = YES;
				MTL_ENABLE_DEBUG_INFO = NO;
				MTL_FAST_MATH = YES;
				SDKROOT = iphoneos;
				SWIFT_COMPILATION_MODE = wholemodule;
				VALIDATE_PRODUCT = YES;
			};
			name = Release;
		};
		DBCD8AF32BB5903C006C23F3 /* Debug */ = {
			isa = XCBuildConfiguration;
			buildSettings = {
				ASSETCATALOG_COMPILER_APPICON_NAME = AppIcon;
				ASSETCATALOG_COMPILER_GLOBAL_ACCENT_COLOR_NAME = AccentColor;
				CODE_SIGN_STYLE = Automatic;
				CURRENT_PROJECT_VERSION = 1;
				DEVELOPMENT_TEAM = GXC72G385T;
				GENERATE_INFOPLIST_FILE = YES;
				INFOPLIST_FILE = 3rd_hw_KimMinhyeok/Info.plist;
				INFOPLIST_KEY_UIApplicationSupportsIndirectInputEvents = YES;
				INFOPLIST_KEY_UILaunchStoryboardName = LaunchScreen;
				INFOPLIST_KEY_UIMainStoryboardFile = Main;
				INFOPLIST_KEY_UISupportedInterfaceOrientations_iPad = "UIInterfaceOrientationPortrait UIInterfaceOrientationPortraitUpsideDown UIInterfaceOrientationLandscapeLeft UIInterfaceOrientationLandscapeRight";
				INFOPLIST_KEY_UISupportedInterfaceOrientations_iPhone = "UIInterfaceOrientationPortrait UIInterfaceOrientationLandscapeLeft UIInterfaceOrientationLandscapeRight";
				LD_RUNPATH_SEARCH_PATHS = (
					"$(inherited)",
					"@executable_path/Frameworks",
				);
				MARKETING_VERSION = 1.0;
				PRODUCT_BUNDLE_IDENTIFIER = "com.minhyeokstudy.-rd-hw-KimMinhyeok";
				PRODUCT_NAME = "$(TARGET_NAME)";
				SWIFT_EMIT_LOC_STRINGS = YES;
				SWIFT_VERSION = 5.0;
				TARGETED_DEVICE_FAMILY = "1,2";
			};
			name = Debug;
		};
		DBCD8AF42BB5903C006C23F3 /* Release */ = {
			isa = XCBuildConfiguration;
			buildSettings = {
				ASSETCATALOG_COMPILER_APPICON_NAME = AppIcon;
				ASSETCATALOG_COMPILER_GLOBAL_ACCENT_COLOR_NAME = AccentColor;
				CODE_SIGN_STYLE = Automatic;
				CURRENT_PROJECT_VERSION = 1;
				DEVELOPMENT_TEAM = GXC72G385T;
				GENERATE_INFOPLIST_FILE = YES;
				INFOPLIST_FILE = 3rd_hw_KimMinhyeok/Info.plist;
				INFOPLIST_KEY_UIApplicationSupportsIndirectInputEvents = YES;
				INFOPLIST_KEY_UILaunchStoryboardName = LaunchScreen;
				INFOPLIST_KEY_UIMainStoryboardFile = Main;
				INFOPLIST_KEY_UISupportedInterfaceOrientations_iPad = "UIInterfaceOrientationPortrait UIInterfaceOrientationPortraitUpsideDown UIInterfaceOrientationLandscapeLeft UIInterfaceOrientationLandscapeRight";
				INFOPLIST_KEY_UISupportedInterfaceOrientations_iPhone = "UIInterfaceOrientationPortrait UIInterfaceOrientationLandscapeLeft UIInterfaceOrientationLandscapeRight";
				LD_RUNPATH_SEARCH_PATHS = (
					"$(inherited)",
					"@executable_path/Frameworks",
				);
				MARKETING_VERSION = 1.0;
				PRODUCT_BUNDLE_IDENTIFIER = "com.minhyeokstudy.-rd-hw-KimMinhyeok";
				PRODUCT_NAME = "$(TARGET_NAME)";
				SWIFT_EMIT_LOC_STRINGS = YES;
				SWIFT_VERSION = 5.0;
				TARGETED_DEVICE_FAMILY = "1,2";
			};
			name = Release;
		};
		DBCD8AF62BB5903C006C23F3 /* Debug */ = {
			isa = XCBuildConfiguration;
			buildSettings = {
				ALWAYS_EMBED_SWIFT_STANDARD_LIBRARIES = YES;
				BUNDLE_LOADER = "$(TEST_HOST)";
				CODE_SIGN_STYLE = Automatic;
				CURRENT_PROJECT_VERSION = 1;
				DEVELOPMENT_TEAM = GXC72G385T;
				GENERATE_INFOPLIST_FILE = YES;
				IPHONEOS_DEPLOYMENT_TARGET = 17.2;
				MARKETING_VERSION = 1.0;
				PRODUCT_BUNDLE_IDENTIFIER = "com.minhyeokstudy.-rd-hw-KimMinhyeokTests";
				PRODUCT_NAME = "$(TARGET_NAME)";
				SWIFT_EMIT_LOC_STRINGS = NO;
				SWIFT_VERSION = 5.0;
				TARGETED_DEVICE_FAMILY = "1,2";
				TEST_HOST = "$(BUILT_PRODUCTS_DIR)/3rd_hw_KimMinhyeok.app/$(BUNDLE_EXECUTABLE_FOLDER_PATH)/3rd_hw_KimMinhyeok";
			};
			name = Debug;
		};
		DBCD8AF72BB5903C006C23F3 /* Release */ = {
			isa = XCBuildConfiguration;
			buildSettings = {
				ALWAYS_EMBED_SWIFT_STANDARD_LIBRARIES = YES;
				BUNDLE_LOADER = "$(TEST_HOST)";
				CODE_SIGN_STYLE = Automatic;
				CURRENT_PROJECT_VERSION = 1;
				DEVELOPMENT_TEAM = GXC72G385T;
				GENERATE_INFOPLIST_FILE = YES;
				IPHONEOS_DEPLOYMENT_TARGET = 17.2;
				MARKETING_VERSION = 1.0;
				PRODUCT_BUNDLE_IDENTIFIER = "com.minhyeokstudy.-rd-hw-KimMinhyeokTests";
				PRODUCT_NAME = "$(TARGET_NAME)";
				SWIFT_EMIT_LOC_STRINGS = NO;
				SWIFT_VERSION = 5.0;
				TARGETED_DEVICE_FAMILY = "1,2";
				TEST_HOST = "$(BUILT_PRODUCTS_DIR)/3rd_hw_KimMinhyeok.app/$(BUNDLE_EXECUTABLE_FOLDER_PATH)/3rd_hw_KimMinhyeok";
			};
			name = Release;
		};
		DBCD8AF92BB5903C006C23F3 /* Debug */ = {
			isa = XCBuildConfiguration;
			buildSettings = {
				ALWAYS_EMBED_SWIFT_STANDARD_LIBRARIES = YES;
				CODE_SIGN_STYLE = Automatic;
				CURRENT_PROJECT_VERSION = 1;
				DEVELOPMENT_TEAM = GXC72G385T;
				GENERATE_INFOPLIST_FILE = YES;
				MARKETING_VERSION = 1.0;
				PRODUCT_BUNDLE_IDENTIFIER = "com.minhyeokstudy.-rd-hw-KimMinhyeokUITests";
				PRODUCT_NAME = "$(TARGET_NAME)";
				SWIFT_EMIT_LOC_STRINGS = NO;
				SWIFT_VERSION = 5.0;
				TARGETED_DEVICE_FAMILY = "1,2";
				TEST_TARGET_NAME = 3rd_hw_KimMinhyeok;
			};
			name = Debug;
		};
		DBCD8AFA2BB5903C006C23F3 /* Release */ = {
			isa = XCBuildConfiguration;
			buildSettings = {
				ALWAYS_EMBED_SWIFT_STANDARD_LIBRARIES = YES;
				CODE_SIGN_STYLE = Automatic;
				CURRENT_PROJECT_VERSION = 1;
				DEVELOPMENT_TEAM = GXC72G385T;
				GENERATE_INFOPLIST_FILE = YES;
				MARKETING_VERSION = 1.0;
				PRODUCT_BUNDLE_IDENTIFIER = "com.minhyeokstudy.-rd-hw-KimMinhyeokUITests";
				PRODUCT_NAME = "$(TARGET_NAME)";
				SWIFT_EMIT_LOC_STRINGS = NO;
				SWIFT_VERSION = 5.0;
				TARGETED_DEVICE_FAMILY = "1,2";
				TEST_TARGET_NAME = 3rd_hw_KimMinhyeok;
			};
			name = Release;
		};
/* End XCBuildConfiguration section */

/* Begin XCConfigurationList section */
		DBCD8AC32BB5903A006C23F3 /* Build configuration list for PBXProject "3rd_hw_KimMinhyeok" */ = {
			isa = XCConfigurationList;
			buildConfigurations = (
				DBCD8AF02BB5903C006C23F3 /* Debug */,
				DBCD8AF12BB5903C006C23F3 /* Release */,
			);
			defaultConfigurationIsVisible = 0;
			defaultConfigurationName = Release;
		};
		DBCD8AF22BB5903C006C23F3 /* Build configuration list for PBXNativeTarget "3rd_hw_KimMinhyeok" */ = {
			isa = XCConfigurationList;
			buildConfigurations = (
				DBCD8AF32BB5903C006C23F3 /* Debug */,
				DBCD8AF42BB5903C006C23F3 /* Release */,
			);
			defaultConfigurationIsVisible = 0;
			defaultConfigurationName = Release;
		};
		DBCD8AF52BB5903C006C23F3 /* Build configuration list for PBXNativeTarget "3rd_hw_KimMinhyeokTests" */ = {
			isa = XCConfigurationList;
			buildConfigurations = (
				DBCD8AF62BB5903C006C23F3 /* Debug */,
				DBCD8AF72BB5903C006C23F3 /* Release */,
			);
			defaultConfigurationIsVisible = 0;
			defaultConfigurationName = Release;
		};
		DBCD8AF82BB5903C006C23F3 /* Build configuration list for PBXNativeTarget "3rd_hw_KimMinhyeokUITests" */ = {
			isa = XCConfigurationList;
			buildConfigurations = (
				DBCD8AF92BB5903C006C23F3 /* Debug */,
				DBCD8AFA2BB5903C006C23F3 /* Release */,
			);
			defaultConfigurationIsVisible = 0;
			defaultConfigurationName = Release;
		};
/* End XCConfigurationList section */
	};
	rootObject = DBCD8AC02BB5903A006C23F3 /* Project object */;
}
